{
  "version": 1,
  "dependencies": {
    "net10.0-windows7.0": {
      "Microsoft.Web.WebView2": {
        "type": "Direct",
        "requested": "[1.0.4191.47, )",
        "resolved": "1.0.4191.47",
        "contentHash": "Snb6mlTpuz6ZFjWMwIdg28Xp6kAUMy3zaLUyGbFSaw+/AJKlwoX8EiaWJ1eUMfKyJHksPkFjJHl1LIB7kX+0AQ=="
      },
      "System.ServiceProcess.ServiceController": {
        "type": "Direct",
        "requested": "[10.0.12, )",
        "resolved": "10.0.12",
        "contentHash": "sFV+RM/yPtshiCAEIuTm8Dt4F7VuKRbL50PnGC9nXHolk/jw+z3T8zx7axKTBC8mqtQU2ZmjsoPC9b1iwOilNQ==",
        "dependencies": {
          "System.Diagnostics.EventLog": "10.0.12"
        }
      },
      "System.Diagnostics.EventLog": {
        "type": "Transitive",
        "resolved": "10.0.12",
        "contentHash": "sOZM+VyRj1pg/ItlHsvrSbjws6oGqZveTzTNBGZ9ziwRDyKsOF3ub6vhvOdxotCIqtlnyHAIwP5sLNvgiZC+pQ=="
      },
      "magiccar.sitedoctor.core": {
        "type": "Project"
      }
    },
    "net10.0-windows7.0/win-x64": {
      "Microsoft.Web.WebView2": {
        "type": "Direct",
        "requested": "[1.0.4191.47, )",
        "resolved": "1.0.4191.47",
        "contentHash": "Snb6mlTpuz6ZFjWMwIdg28Xp6kAUMy3zaLUyGbFSaw+/AJKlwoX8EiaWJ1eUMfKyJHksPkFjJHl1LIB7kX+0AQ=="
      },
      "System.ServiceProcess.ServiceController": {
        "type": "Direct",
        "requested": "[10.0.12, )",
        "resolved": "10.0.12",
        "contentHash": "sFV+RM/yPtshiCAEIuTm8Dt4F7VuKRbL50PnGC9nXHolk/jw+z3T8zx7axKTBC8mqtQU2ZmjsoPC9b1iwOilNQ==",
        "dependencies": {
          "System.Diagnostics.EventLog": "10.0.12"
        }
      },
      "System.Diagnostics.EventLog": {
        "type": "Transitive",
        "resolved": "10.0.12",
        "contentHash": "sOZM+VyRj1pg/ItlHsvrSbjws6oGqZveTzTNBGZ9ziwRDyKsOF3ub6vhvOdxotCIqtlnyHAIwP5sLNvgiZC+pQ=="
      }
    }
  }
}